
Microsoft Visual Studio Solution File, Format Version 12.00
Project("{FAE04EC0-301F-11D3-BF4B-00C04F79EFBC}") = "App", "App\App.csproj", "{9E80D136-5EA9-4BDA-A8B1-1AF2ED35B6C1}"
EndProject
Project("{FAE04EC0-301F-11D3-BF4B-00C04F79EFBC}") = "Test", "Test\Test.csproj", "{400C6762-AA8B-4A59-BD37-A94687E773B1}"
EndProject
Project("{2150E333-8FDC-42A3-9474-1A3956D46DE8}") = "src", "src", "{2AC66A16-5E12-495C-8DFC-5CCB2027BF6E}"
EndProject
Project("{2150E333-8FDC-42A3-9474-1A3956D46DE8}") = "test", "test", "{91E1BAA3-3F78-4E63-925A-FC5542F404C9}"
EndProject
Global
	GlobalSection(SolutionConfigurationPlatforms) = preSolution
		Debug|Any CPU = Debug|Any CPU
		Release|Any CPU = Release|Any CPU
	EndGlobalSection
	GlobalSection(ProjectConfigurationPlatforms) = postSolution
		{9E80D136-5EA9-4BDA-A8B1-1AF2ED35B6C1}.Debug|Any CPU.ActiveCfg = Debug|Any CPU
		{9E80D136-5EA9-4BDA-A8B1-1AF2ED35B6C1}.Debug|Any CPU.Build.0 = Debug|Any CPU
		{9E80D136-5EA9-4BDA-A8B1-1AF2ED35B6C1}.Release|Any CPU.ActiveCfg = Release|Any CPU
		{9E80D136-5EA9-4BDA-A8B1-1AF2ED35B6C1}.Release|Any CPU.Build.0 = Release|Any CPU
		{400C6762-AA8B-4A59-BD37-A94687E773B1}.Debug|Any CPU.ActiveCfg = Debug|Any CPU
		{400C6762-AA8B-4A59-BD37-A94687E773B1}.Debug|Any CPU.Build.0 = Debug|Any CPU
		{400C6762-AA8B-4A59-BD37-A94687E773B1}.Release|Any CPU.ActiveCfg = Release|Any CPU
		{400C6762-AA8B-4A59-BD37-A94687E773B1}.Release|Any CPU.Build.0 = Release|Any CPU
	EndGlobalSection
	GlobalSection(NestedProjects) = preSolution
		{9E80D136-5EA9-4BDA-A8B1-1AF2ED35B6C1} = {2AC66A16-5E12-495C-8DFC-5CCB2027BF6E}
		{400C6762-AA8B-4A59-BD37-A94687E773B1} = {91E1BAA3-3F78-4E63-925A-FC5542F404C9}
	EndGlobalSection
EndGlobal
